
Microsoft Visual Studio Solution File, Format Version 12.00
# Visual Studio Version 17
VisualStudioVersion = 17.4.33103.184
MinimumVisualStudioVersion = 10.0.40219.1
Project("{FAE04EC0-301F-11D3-BF4B-00C04F79EFBC}") = "Sklep Internetowy", "Sklep Internetowy\Sklep Internetowy.csproj", "{B4AADD7C-270B-4187-8A68-47AFC2A87778}"
EndProject
Global
	GlobalSection(SolutionConfigurationPlatforms) = preSolution
		Debug|Any CPU = Debug|Any CPU
		Release|Any CPU = Release|Any CPU
	EndGlobalSection
	GlobalSection(ProjectConfigurationPlatforms) = postSolution
		{B4AADD7C-270B-4187-8A68-47AFC2A87778}.Debug|Any CPU.ActiveCfg = Debug|Any CPU
		{B4AADD7C-270B-4187-8A68-47AFC2A87778}.Debug|Any CPU.Build.0 = Debug|Any CPU
		{B4AADD7C-270B-4187-8A68-47AFC2A87778}.Release|Any CPU.ActiveCfg = Release|Any CPU
		{B4AADD7C-270B-4187-8A68-47AFC2A87778}.Release|Any CPU.Build.0 = Release|Any CPU
	EndGlobalSection
	GlobalSection(SolutionProperties) = preSolution
		HideSolutionNode = FALSE
	EndGlobalSection
	GlobalSection(ExtensibilityGlobals) = postSolution
		SolutionGuid = {342DA7A5-5067-4EBE-BDF4-33E8DE2F548E}
	EndGlobalSection
EndGlobal
